<?xml version="1.0" encoding="utf-8"?>
<Project ToolsVersion="4.0" xmlns="http://schemas.microsoft.com/developer/msbuild/2003">
  <ItemGroup>
    <Filter Include="Header Files">
      <UniqueIdentifier>{93995380-89BD-4b04-88EB-625FBE52EBFB}</UniqueIdentifier>
      <Extensions>h;hh;hpp;hxx;h++;hm;inl;inc;ipp;xsd</Extensions>
    </Filter>
    <Filter Include="Resource Files">
      <UniqueIdentifier>{67DA6AB6-F800-4c08-8B7A-83BB121AAD01}</UniqueIdentifier>
      <Extensions>rc;ico;cur;bmp;dlg;rc2;rct;bin;rgs;gif;jpg;jpeg;jpe;resx;tiff;tif;png;wav;mfcribbon-ms</Extensions>
    </Filter>
    <Filter Include="SourceFiles">
      <UniqueIdentifier>{22cd6461-6a39-42b3-bbf7-2b7be6aad0a1}</UniqueIdentifier>
    </Filter>
    <Filter Include="SourceFiles\Components">
      <UniqueIdentifier>{2994bd56-b04f-4e59-9a62-fa0dc2bb0ef7}</UniqueIdentifier>
    </Filter>
  </ItemGroup>
  <ItemGroup>
    <ClCompile Include="SourceFiles\Main.cpp">
      <Filter>SourceFiles</Filter>
    </ClCompile>
    <ClCompile Include="SourceFiles\Components\BinaryConversion.cpp">
      <Filter>SourceFiles\Components</Filter>
    </ClCompile>
    <ClCompile Include="SourceFiles\Components\Cosine.cpp">
      <Filter>SourceFiles\Components</Filter>
    </ClCompile>
    <ClCompile Include="SourceFiles\Components\Euclid.cpp">
      <Filter>SourceFiles\Components</Filter>
    </ClCompile>
    <ClCompile Include="SourceFiles\Components\Fibonacci.cpp">
      <Filter>SourceFiles\Components</Filter>
    </ClCompile>
    <ClCompile Include="SourceFiles\Components\PrimeNumber.cpp">
      <Filter>SourceFiles\Components</Filter>
    </ClCompile>
    <ClCompile Include="SourceFiles\Components\Recursion.cpp">
      <Filter>SourceFiles\Components</Filter>
    </ClCompile>
    <ClCompile Include="SourceFiles\Components\RecursiveExponentiation.cpp">
      <Filter>SourceFiles\Components</Filter>
    </ClCompile>
    <ClCompile Include="SourceFiles\Components\HexadecimalConversion.cpp">
      <Filter>SourceFiles\Components</Filter>
    </ClCompile>
    <ClCompile Include="SourceFiles\Components\Divisors.cpp">
      <Filter>SourceFiles\Components</Filter>
    </ClCompile>
    <ClCompile Include="SourceFiles\Components\PointersChangeCalculator.cpp">
      <Filter>SourceFiles\Components</Filter>
    </ClCompile>
    <ClCompile Include="SourceFiles\Components\GenderGeeting.cpp">
      <Filter>SourceFiles\Components</Filter>
    </ClCompile>
    <ClCompile Include="SourceFiles\Components\RectangleArea.cpp">
      <Filter>SourceFiles\Components</Filter>
    </ClCompile>
    <ClCompile Include="SourceFiles\Components\RectangleDraw.cpp">
      <Filter>SourceFiles\Components</Filter>
    </ClCompile>
    <ClCompile Include="SourceFiles\Components\TriangleTest.cpp">
      <Filter>SourceFiles\Components</Filter>
    </ClCompile>
    <ClCompile Include="SourceFiles\Components\EvenOdd.cpp">
      <Filter>SourceFiles\Components</Filter>
    </ClCompile>
    <ClCompile Include="SourceFiles\Components\BattleShip.cpp">
      <Filter>SourceFiles\Components</Filter>
    </ClCompile>
    <ClCompile Include="SourceFiles\Components\BMITemperature.cpp">
      <Filter>SourceFiles\Components</Filter>
    </ClCompile>
    <ClCompile Include="SourceFiles\Components\Calculations.cpp">
      <Filter>SourceFiles\Components</Filter>
    </ClCompile>
    <ClCompile Include="SourceFiles\Components\ChocolateShare.cpp">
      <Filter>SourceFiles\Components</Filter>
    </ClCompile>
    <ClCompile Include="SourceFiles\Components\GradeCalculator.cpp">
      <Filter>SourceFiles\Components</Filter>
    </ClCompile>
    <ClCompile Include="SourceFiles\Components\MoneyChanger.cpp">
      <Filter>SourceFiles\Components</Filter>
    </ClCompile>
    <ClCompile Include="SourceFiles\Components\NumberSorter.cpp">
      <Filter>SourceFiles\Components</Filter>
    </ClCompile>
    <ClCompile Include="SourceFiles\Components\SubsetSumSort.cpp">
      <Filter>SourceFiles\Components</Filter>
    </ClCompile>
    <ClCompile Include="SourceFiles\Components\WordModifications.cpp">
      <Filter>SourceFiles\Components</Filter>
    </ClCompile>
    <ClCompile Include="SourceFiles\Components\WordTransformations.cpp">
      <Filter>SourceFiles\Components</Filter>
    </ClCompile>
    <ClCompile Include="SourceFiles\Components\BinaryOperations.cpp">
      <Filter>SourceFiles\Components</Filter>
    </ClCompile>
    <ClCompile Include="SourceFiles\Components\DataTypes.cpp">
      <Filter>SourceFiles\Components</Filter>
    </ClCompile>
    <ClCompile Include="SourceFiles\Components\DataOperators.cpp">
      <Filter>SourceFiles\Components</Filter>
    </ClCompile>
    <ClCompile Include="SourceFiles\Components\LongestIncreasingSubsequence.cpp">
      <Filter>SourceFiles\Components</Filter>
    </ClCompile>
  </ItemGroup>
  <ItemGroup>
    <Text Include="SourceFiles\ResourceFiles\bmi.txt">
      <Filter>Resource Files</Filter>
    </Text>
    <Text Include="SourceFiles\ResourceFiles\grades.txt">
      <Filter>Resource Files</Filter>
    </Text>
    <Text Include="SourceFiles\ResourceFiles\sequences.txt">
      <Filter>Resource Files</Filter>
    </Text>
    <Text Include="SourceFiles\ResourceFiles\subsequences.txt">
      <Filter>Resource Files</Filter>
    </Text>
    <Text Include="SourceFiles\ResourceFiles\subsetSumSortInput.txt">
      <Filter>Resource Files</Filter>
    </Text>
  </ItemGroup>
  <ItemGroup>
    <None Include="SourceFiles\ResourceFiles\bmi.html">
      <Filter>Resource Files</Filter>
    </None>
  </ItemGroup>
</Project>